
Microsoft Visual Studio Solution File, Format Version 12.00
# Visual Studio Version 16
VisualStudioVersion = 16.0.29001.49
MinimumVisualStudioVersion = 10.0.40219.1
Project("{FAE04EC0-301F-11D3-BF4B-00C04F79EFBC}") = "BAIT2113 Web Application Development", "BAIT2113 Web Application Development\BAIT2113 Web Application Development.csproj", "{D3BA5E0A-F8F8-4327-9E4C-D03895742A56}"
EndProject
Global
	GlobalSection(SolutionConfigurationPlatforms) = preSolution
		Debug|Any CPU = Debug|Any CPU
		Release|Any CPU = Release|Any CPU
	EndGlobalSection
	GlobalSection(ProjectConfigurationPlatforms) = postSolution
		{D3BA5E0A-F8F8-4327-9E4C-D03895742A56}.Debug|Any CPU.ActiveCfg = Debug|Any CPU
		{D3BA5E0A-F8F8-4327-9E4C-D03895742A56}.Debug|Any CPU.Build.0 = Debug|Any CPU
		{D3BA5E0A-F8F8-4327-9E4C-D03895742A56}.Release|Any CPU.ActiveCfg = Release|Any CPU
		{D3BA5E0A-F8F8-4327-9E4C-D03895742A56}.Release|Any CPU.Build.0 = Release|Any CPU
	EndGlobalSection
	GlobalSection(SolutionProperties) = preSolution
		HideSolutionNode = FALSE
	EndGlobalSection
	GlobalSection(ExtensibilityGlobals) = postSolution
		SolutionGuid = {1B35A8AE-3089-4BFF-9D1A-09176DD1D7A3}
	EndGlobalSection
EndGlobal
